
Microsoft Visual Studio Solution File, Format Version 12.00
# Visual Studio Version 16
VisualStudioVersion = 16.0.29102.190
MinimumVisualStudioVersion = 10.0.40219.1
Project("{FAE04EC0-301F-11D3-BF4B-00C04F79EFBC}") = "InvMgmt", "InvMgmt\InvMgmt.csproj", "{61B099D2-F41D-413D-8316-CB0F0E013A23}"
EndProject
Global
	GlobalSection(SolutionConfigurationPlatforms) = preSolution
		Debug|Any CPU = Debug|Any CPU
		Release|Any CPU = Release|Any CPU
	EndGlobalSection
	GlobalSection(ProjectConfigurationPlatforms) = postSolution
		{61B099D2-F41D-413D-8316-CB0F0E013A23}.Debug|Any CPU.ActiveCfg = Debug|Any CPU
		{61B099D2-F41D-413D-8316-CB0F0E013A23}.Debug|Any CPU.Build.0 = Debug|Any CPU
		{61B099D2-F41D-413D-8316-CB0F0E013A23}.Release|Any CPU.ActiveCfg = Release|Any CPU
		{61B099D2-F41D-413D-8316-CB0F0E013A23}.Release|Any CPU.Build.0 = Release|Any CPU
	EndGlobalSection
	GlobalSection(SolutionProperties) = preSolution
		HideSolutionNode = FALSE
	EndGlobalSection
	GlobalSection(ExtensibilityGlobals) = postSolution
		SolutionGuid = {887553A7-33DD-415A-A167-9FEE64833767}
	EndGlobalSection
EndGlobal
